
Microsoft Visual Studio Solution File, Format Version 12.00
# Visual Studio Version 17
VisualStudioVersion = 17.0.31903.59
MinimumVisualStudioVersion = 10.0.40219.1
Project("{2150E333-8FDC-42A3-9474-1A3956D46DE8}") = "Philosophers.Runners.Philosopher", "Philosophers.Runners.Philosopher", "{93C3CE2E-8F9E-4D15-B239-5F065D09D008}"
EndProject
Project("{FAE04EC0-301F-11D3-BF4B-00C04F79EFBC}") = "Services", "Philosophers.Runners.Philosopher\Services\Services.csproj", "{882AB896-79F3-451F-82C2-8BC634526430}"
EndProject
Project("{FAE04EC0-301F-11D3-BF4B-00C04F79EFBC}") = "Core", "Philosophers.Runners.Philosopher\Core\Core.csproj", "{A6C6ABDC-ADD6-4BD0-A1F3-74D77E9A5652}"
EndProject
Project("{FAE04EC0-301F-11D3-BF4B-00C04F79EFBC}") = "Interface", "Philosophers.Runners.Philosopher\Interface\Interface.csproj", "{6CFD07DC-2A97-4F61-B487-8053B9BFC3DA}"
EndProject
Project("{2150E333-8FDC-42A3-9474-1A3956D46DE8}") = "Philosophers.Runners.SimulationManager", "Philosophers.Runners.SimulationManager", "{E9A38E6E-C511-4F1D-8593-335ECF707044}"
EndProject
Project("{FAE04EC0-301F-11D3-BF4B-00C04F79EFBC}") = "Interface", "Philosophers.Runners.SimulationManager\Interface\Interface.csproj", "{8FFB711A-85E9-420C-9B16-D136D1625A52}"
EndProject
Project("{FAE04EC0-301F-11D3-BF4B-00C04F79EFBC}") = "Core", "Philosophers.Runners.SimulationManager\Core\Core.csproj", "{F260491A-379D-47AB-9F1D-5778F7D404B1}"
EndProject
Project("{FAE04EC0-301F-11D3-BF4B-00C04F79EFBC}") = "Services", "Philosophers.Runners.SimulationManager\Services\Services.csproj", "{BA3C205A-D60A-4CCF-934D-4599DBA1D955}"
EndProject
Project("{2150E333-8FDC-42A3-9474-1A3956D46DE8}") = "Philosophers.Runners.Coordinator", "Philosophers.Runners.Coordinator", "{81ACD98F-B385-53B6-ED6C-4B22AA320176}"
EndProject
Project("{FAE04EC0-301F-11D3-BF4B-00C04F79EFBC}") = "Interface", "Philosophers.Runners.Coordinator\Interface\Interface.csproj", "{B4A1583A-AA45-458E-B64F-187EEE9BE38F}"
EndProject
Project("{FAE04EC0-301F-11D3-BF4B-00C04F79EFBC}") = "DataContracts", "DataContracts\DataContracts.csproj", "{F612A2F7-9B21-474D-AF13-6A9BB2F75354}"
EndProject
Project("{FAE04EC0-301F-11D3-BF4B-00C04F79EFBC}") = "InterfaceContracts", "InterfaceContracts\InterfaceContracts.csproj", "{7E5A8162-2CD3-47C6-AA53-7B8F266B5D13}"
EndProject
Project("{FAE04EC0-301F-11D3-BF4B-00C04F79EFBC}") = "Core", "Philosophers.Runners.Coordinator\Core\Core.csproj", "{9AED57CB-4E4C-4B26-81EE-162C87F228DA}"
EndProject
Project("{FAE04EC0-301F-11D3-BF4B-00C04F79EFBC}") = "Services", "Philosophers.Runners.Coordinator\Services\Services.csproj", "{8198CE51-9C2F-4238-BFBA-429DEF7C486C}"
EndProject
Global
	GlobalSection(SolutionConfigurationPlatforms) = preSolution
		Debug|Any CPU = Debug|Any CPU
		Debug|x64 = Debug|x64
		Debug|x86 = Debug|x86
		Release|Any CPU = Release|Any CPU
		Release|x64 = Release|x64
		Release|x86 = Release|x86
	EndGlobalSection
	GlobalSection(ProjectConfigurationPlatforms) = postSolution
		{882AB896-79F3-451F-82C2-8BC634526430}.Debug|Any CPU.ActiveCfg = Debug|Any CPU
		{882AB896-79F3-451F-82C2-8BC634526430}.Debug|Any CPU.Build.0 = Debug|Any CPU
		{882AB896-79F3-451F-82C2-8BC634526430}.Debug|x64.ActiveCfg = Debug|Any CPU
		{882AB896-79F3-451F-82C2-8BC634526430}.Debug|x64.Build.0 = Debug|Any CPU
		{882AB896-79F3-451F-82C2-8BC634526430}.Debug|x86.ActiveCfg = Debug|Any CPU
		{882AB896-79F3-451F-82C2-8BC634526430}.Debug|x86.Build.0 = Debug|Any CPU
		{882AB896-79F3-451F-82C2-8BC634526430}.Release|Any CPU.ActiveCfg = Release|Any CPU
		{882AB896-79F3-451F-82C2-8BC634526430}.Release|Any CPU.Build.0 = Release|Any CPU
		{882AB896-79F3-451F-82C2-8BC634526430}.Release|x64.ActiveCfg = Release|Any CPU
		{882AB896-79F3-451F-82C2-8BC634526430}.Release|x64.Build.0 = Release|Any CPU
		{882AB896-79F3-451F-82C2-8BC634526430}.Release|x86.ActiveCfg = Release|Any CPU
		{882AB896-79F3-451F-82C2-8BC634526430}.Release|x86.Build.0 = Release|Any CPU
		{A6C6ABDC-ADD6-4BD0-A1F3-74D77E9A5652}.Debug|Any CPU.ActiveCfg = Debug|Any CPU
		{A6C6ABDC-ADD6-4BD0-A1F3-74D77E9A5652}.Debug|Any CPU.Build.0 = Debug|Any CPU
		{A6C6ABDC-ADD6-4BD0-A1F3-74D77E9A5652}.Debug|x64.ActiveCfg = Debug|Any CPU
		{A6C6ABDC-ADD6-4BD0-A1F3-74D77E9A5652}.Debug|x64.Build.0 = Debug|Any CPU
		{A6C6ABDC-ADD6-4BD0-A1F3-74D77E9A5652}.Debug|x86.ActiveCfg = Debug|Any CPU
		{A6C6ABDC-ADD6-4BD0-A1F3-74D77E9A5652}.Debug|x86.Build.0 = Debug|Any CPU
		{A6C6ABDC-ADD6-4BD0-A1F3-74D77E9A5652}.Release|Any CPU.ActiveCfg = Release|Any CPU
		{A6C6ABDC-ADD6-4BD0-A1F3-74D77E9A5652}.Release|Any CPU.Build.0 = Release|Any CPU
		{A6C6ABDC-ADD6-4BD0-A1F3-74D77E9A5652}.Release|x64.ActiveCfg = Release|Any CPU
		{A6C6ABDC-ADD6-4BD0-A1F3-74D77E9A5652}.Release|x64.Build.0 = Release|Any CPU
		{A6C6ABDC-ADD6-4BD0-A1F3-74D77E9A5652}.Release|x86.ActiveCfg = Release|Any CPU
		{A6C6ABDC-ADD6-4BD0-A1F3-74D77E9A5652}.Release|x86.Build.0 = Release|Any CPU
		{6CFD07DC-2A97-4F61-B487-8053B9BFC3DA}.Debug|Any CPU.ActiveCfg = Debug|Any CPU
		{6CFD07DC-2A97-4F61-B487-8053B9BFC3DA}.Debug|Any CPU.Build.0 = Debug|Any CPU
		{6CFD07DC-2A97-4F61-B487-8053B9BFC3DA}.Debug|x64.ActiveCfg = Debug|Any CPU
		{6CFD07DC-2A97-4F61-B487-8053B9BFC3DA}.Debug|x64.Build.0 = Debug|Any CPU
		{6CFD07DC-2A97-4F61-B487-8053B9BFC3DA}.Debug|x86.ActiveCfg = Debug|Any CPU
		{6CFD07DC-2A97-4F61-B487-8053B9BFC3DA}.Debug|x86.Build.0 = Debug|Any CPU
		{6CFD07DC-2A97-4F61-B487-8053B9BFC3DA}.Release|Any CPU.ActiveCfg = Release|Any CPU
		{6CFD07DC-2A97-4F61-B487-8053B9BFC3DA}.Release|Any CPU.Build.0 = Release|Any CPU
		{6CFD07DC-2A97-4F61-B487-8053B9BFC3DA}.Release|x64.ActiveCfg = Release|Any CPU
		{6CFD07DC-2A97-4F61-B487-8053B9BFC3DA}.Release|x64.Build.0 = Release|Any CPU
		{6CFD07DC-2A97-4F61-B487-8053B9BFC3DA}.Release|x86.ActiveCfg = Release|Any CPU
		{6CFD07DC-2A97-4F61-B487-8053B9BFC3DA}.Release|x86.Build.0 = Release|Any CPU
		{8FFB711A-85E9-420C-9B16-D136D1625A52}.Debug|Any CPU.ActiveCfg = Debug|Any CPU
		{8FFB711A-85E9-420C-9B16-D136D1625A52}.Debug|Any CPU.Build.0 = Debug|Any CPU
		{8FFB711A-85E9-420C-9B16-D136D1625A52}.Debug|x64.ActiveCfg = Debug|Any CPU
		{8FFB711A-85E9-420C-9B16-D136D1625A52}.Debug|x64.Build.0 = Debug|Any CPU
		{8FFB711A-85E9-420C-9B16-D136D1625A52}.Debug|x86.ActiveCfg = Debug|Any CPU
		{8FFB711A-85E9-420C-9B16-D136D1625A52}.Debug|x86.Build.0 = Debug|Any CPU
		{8FFB711A-85E9-420C-9B16-D136D1625A52}.Release|Any CPU.ActiveCfg = Release|Any CPU
		{8FFB711A-85E9-420C-9B16-D136D1625A52}.Release|Any CPU.Build.0 = Release|Any CPU
		{8FFB711A-85E9-420C-9B16-D136D1625A52}.Release|x64.ActiveCfg = Release|Any CPU
		{8FFB711A-85E9-420C-9B16-D136D1625A52}.Release|x64.Build.0 = Release|Any CPU
		{8FFB711A-85E9-420C-9B16-D136D1625A52}.Release|x86.ActiveCfg = Release|Any CPU
		{8FFB711A-85E9-420C-9B16-D136D1625A52}.Release|x86.Build.0 = Release|Any CPU
		{F260491A-379D-47AB-9F1D-5778F7D404B1}.Debug|Any CPU.ActiveCfg = Debug|Any CPU
		{F260491A-379D-47AB-9F1D-5778F7D404B1}.Debug|Any CPU.Build.0 = Debug|Any CPU
		{F260491A-379D-47AB-9F1D-5778F7D404B1}.Debug|x64.ActiveCfg = Debug|Any CPU
		{F260491A-379D-47AB-9F1D-5778F7D404B1}.Debug|x64.Build.0 = Debug|Any CPU
		{F260491A-379D-47AB-9F1D-5778F7D404B1}.Debug|x86.ActiveCfg = Debug|Any CPU
		{F260491A-379D-47AB-9F1D-5778F7D404B1}.Debug|x86.Build.0 = Debug|Any CPU
		{F260491A-379D-47AB-9F1D-5778F7D404B1}.Release|Any CPU.ActiveCfg = Release|Any CPU
		{F260491A-379D-47AB-9F1D-5778F7D404B1}.Release|Any CPU.Build.0 = Release|Any CPU
		{F260491A-379D-47AB-9F1D-5778F7D404B1}.Release|x64.ActiveCfg = Release|Any CPU
		{F260491A-379D-47AB-9F1D-5778F7D404B1}.Release|x64.Build.0 = Release|Any CPU
		{F260491A-379D-47AB-9F1D-5778F7D404B1}.Release|x86.ActiveCfg = Release|Any CPU
		{F260491A-379D-47AB-9F1D-5778F7D404B1}.Release|x86.Build.0 = Release|Any CPU
		{BA3C205A-D60A-4CCF-934D-4599DBA1D955}.Debug|Any CPU.ActiveCfg = Debug|Any CPU
		{BA3C205A-D60A-4CCF-934D-4599DBA1D955}.Debug|Any CPU.Build.0 = Debug|Any CPU
		{BA3C205A-D60A-4CCF-934D-4599DBA1D955}.Debug|x64.ActiveCfg = Debug|Any CPU
		{BA3C205A-D60A-4CCF-934D-4599DBA1D955}.Debug|x64.Build.0 = Debug|Any CPU
		{BA3C205A-D60A-4CCF-934D-4599DBA1D955}.Debug|x86.ActiveCfg = Debug|Any CPU
		{BA3C205A-D60A-4CCF-934D-4599DBA1D955}.Debug|x86.Build.0 = Debug|Any CPU
		{BA3C205A-D60A-4CCF-934D-4599DBA1D955}.Release|Any CPU.ActiveCfg = Release|Any CPU
		{BA3C205A-D60A-4CCF-934D-4599DBA1D955}.Release|Any CPU.Build.0 = Release|Any CPU
		{BA3C205A-D60A-4CCF-934D-4599DBA1D955}.Release|x64.ActiveCfg = Release|Any CPU
		{BA3C205A-D60A-4CCF-934D-4599DBA1D955}.Release|x64.Build.0 = Release|Any CPU
		{BA3C205A-D60A-4CCF-934D-4599DBA1D955}.Release|x86.ActiveCfg = Release|Any CPU
		{BA3C205A-D60A-4CCF-934D-4599DBA1D955}.Release|x86.Build.0 = Release|Any CPU
		{B4A1583A-AA45-458E-B64F-187EEE9BE38F}.Debug|Any CPU.ActiveCfg = Debug|Any CPU
		{B4A1583A-AA45-458E-B64F-187EEE9BE38F}.Debug|Any CPU.Build.0 = Debug|Any CPU
		{B4A1583A-AA45-458E-B64F-187EEE9BE38F}.Debug|x64.ActiveCfg = Debug|Any CPU
		{B4A1583A-AA45-458E-B64F-187EEE9BE38F}.Debug|x64.Build.0 = Debug|Any CPU
		{B4A1583A-AA45-458E-B64F-187EEE9BE38F}.Debug|x86.ActiveCfg = Debug|Any CPU
		{B4A1583A-AA45-458E-B64F-187EEE9BE38F}.Debug|x86.Build.0 = Debug|Any CPU
		{B4A1583A-AA45-458E-B64F-187EEE9BE38F}.Release|Any CPU.ActiveCfg = Release|Any CPU
		{B4A1583A-AA45-458E-B64F-187EEE9BE38F}.Release|Any CPU.Build.0 = Release|Any CPU
		{B4A1583A-AA45-458E-B64F-187EEE9BE38F}.Release|x64.ActiveCfg = Release|Any CPU
		{B4A1583A-AA45-458E-B64F-187EEE9BE38F}.Release|x64.Build.0 = Release|Any CPU
		{B4A1583A-AA45-458E-B64F-187EEE9BE38F}.Release|x86.ActiveCfg = Release|Any CPU
		{B4A1583A-AA45-458E-B64F-187EEE9BE38F}.Release|x86.Build.0 = Release|Any CPU
		{F612A2F7-9B21-474D-AF13-6A9BB2F75354}.Debug|Any CPU.ActiveCfg = Debug|Any CPU
		{F612A2F7-9B21-474D-AF13-6A9BB2F75354}.Debug|Any CPU.Build.0 = Debug|Any CPU
		{F612A2F7-9B21-474D-AF13-6A9BB2F75354}.Debug|x64.ActiveCfg = Debug|Any CPU
		{F612A2F7-9B21-474D-AF13-6A9BB2F75354}.Debug|x64.Build.0 = Debug|Any CPU
		{F612A2F7-9B21-474D-AF13-6A9BB2F75354}.Debug|x86.ActiveCfg = Debug|Any CPU
		{F612A2F7-9B21-474D-AF13-6A9BB2F75354}.Debug|x86.Build.0 = Debug|Any CPU
		{F612A2F7-9B21-474D-AF13-6A9BB2F75354}.Release|Any CPU.ActiveCfg = Release|Any CPU
		{F612A2F7-9B21-474D-AF13-6A9BB2F75354}.Release|Any CPU.Build.0 = Release|Any CPU
		{F612A2F7-9B21-474D-AF13-6A9BB2F75354}.Release|x64.ActiveCfg = Release|Any CPU
		{F612A2F7-9B21-474D-AF13-6A9BB2F75354}.Release|x64.Build.0 = Release|Any CPU
		{F612A2F7-9B21-474D-AF13-6A9BB2F75354}.Release|x86.ActiveCfg = Release|Any CPU
		{F612A2F7-9B21-474D-AF13-6A9BB2F75354}.Release|x86.Build.0 = Release|Any CPU
		{7E5A8162-2CD3-47C6-AA53-7B8F266B5D13}.Debug|Any CPU.ActiveCfg = Debug|Any CPU
		{7E5A8162-2CD3-47C6-AA53-7B8F266B5D13}.Debug|Any CPU.Build.0 = Debug|Any CPU
		{7E5A8162-2CD3-47C6-AA53-7B8F266B5D13}.Debug|x64.ActiveCfg = Debug|Any CPU
		{7E5A8162-2CD3-47C6-AA53-7B8F266B5D13}.Debug|x64.Build.0 = Debug|Any CPU
		{7E5A8162-2CD3-47C6-AA53-7B8F266B5D13}.Debug|x86.ActiveCfg = Debug|Any CPU
		{7E5A8162-2CD3-47C6-AA53-7B8F266B5D13}.Debug|x86.Build.0 = Debug|Any CPU
		{7E5A8162-2CD3-47C6-AA53-7B8F266B5D13}.Release|Any CPU.ActiveCfg = Release|Any CPU
		{7E5A8162-2CD3-47C6-AA53-7B8F266B5D13}.Release|Any CPU.Build.0 = Release|Any CPU
		{7E5A8162-2CD3-47C6-AA53-7B8F266B5D13}.Release|x64.ActiveCfg = Release|Any CPU
		{7E5A8162-2CD3-47C6-AA53-7B8F266B5D13}.Release|x64.Build.0 = Release|Any CPU
		{7E5A8162-2CD3-47C6-AA53-7B8F266B5D13}.Release|x86.ActiveCfg = Release|Any CPU
		{7E5A8162-2CD3-47C6-AA53-7B8F266B5D13}.Release|x86.Build.0 = Release|Any CPU
		{9AED57CB-4E4C-4B26-81EE-162C87F228DA}.Debug|Any CPU.ActiveCfg = Debug|Any CPU
		{9AED57CB-4E4C-4B26-81EE-162C87F228DA}.Debug|Any CPU.Build.0 = Debug|Any CPU
		{9AED57CB-4E4C-4B26-81EE-162C87F228DA}.Debug|x64.ActiveCfg = Debug|Any CPU
		{9AED57CB-4E4C-4B26-81EE-162C87F228DA}.Debug|x64.Build.0 = Debug|Any CPU
		{9AED57CB-4E4C-4B26-81EE-162C87F228DA}.Debug|x86.ActiveCfg = Debug|Any CPU
		{9AED57CB-4E4C-4B26-81EE-162C87F228DA}.Debug|x86.Build.0 = Debug|Any CPU
		{9AED57CB-4E4C-4B26-81EE-162C87F228DA}.Release|Any CPU.ActiveCfg = Release|Any CPU
		{9AED57CB-4E4C-4B26-81EE-162C87F228DA}.Release|Any CPU.Build.0 = Release|Any CPU
		{9AED57CB-4E4C-4B26-81EE-162C87F228DA}.Release|x64.ActiveCfg = Release|Any CPU
		{9AED57CB-4E4C-4B26-81EE-162C87F228DA}.Release|x64.Build.0 = Release|Any CPU
		{9AED57CB-4E4C-4B26-81EE-162C87F228DA}.Release|x86.ActiveCfg = Release|Any CPU
		{9AED57CB-4E4C-4B26-81EE-162C87F228DA}.Release|x86.Build.0 = Release|Any CPU
		{8198CE51-9C2F-4238-BFBA-429DEF7C486C}.Debug|Any CPU.ActiveCfg = Debug|Any CPU
		{8198CE51-9C2F-4238-BFBA-429DEF7C486C}.Debug|Any CPU.Build.0 = Debug|Any CPU
		{8198CE51-9C2F-4238-BFBA-429DEF7C486C}.Debug|x64.ActiveCfg = Debug|Any CPU
		{8198CE51-9C2F-4238-BFBA-429DEF7C486C}.Debug|x64.Build.0 = Debug|Any CPU
		{8198CE51-9C2F-4238-BFBA-429DEF7C486C}.Debug|x86.ActiveCfg = Debug|Any CPU
		{8198CE51-9C2F-4238-BFBA-429DEF7C486C}.Debug|x86.Build.0 = Debug|Any CPU
		{8198CE51-9C2F-4238-BFBA-429DEF7C486C}.Release|Any CPU.ActiveCfg = Release|Any CPU
		{8198CE51-9C2F-4238-BFBA-429DEF7C486C}.Release|Any CPU.Build.0 = Release|Any CPU
		{8198CE51-9C2F-4238-BFBA-429DEF7C486C}.Release|x64.ActiveCfg = Release|Any CPU
		{8198CE51-9C2F-4238-BFBA-429DEF7C486C}.Release|x64.Build.0 = Release|Any CPU
		{8198CE51-9C2F-4238-BFBA-429DEF7C486C}.Release|x86.ActiveCfg = Release|Any CPU
		{8198CE51-9C2F-4238-BFBA-429DEF7C486C}.Release|x86.Build.0 = Release|Any CPU
	EndGlobalSection
	GlobalSection(SolutionProperties) = preSolution
		HideSolutionNode = FALSE
	EndGlobalSection
	GlobalSection(NestedProjects) = preSolution
		{882AB896-79F3-451F-82C2-8BC634526430} = {93C3CE2E-8F9E-4D15-B239-5F065D09D008}
		{A6C6ABDC-ADD6-4BD0-A1F3-74D77E9A5652} = {93C3CE2E-8F9E-4D15-B239-5F065D09D008}
		{6CFD07DC-2A97-4F61-B487-8053B9BFC3DA} = {93C3CE2E-8F9E-4D15-B239-5F065D09D008}
		{8FFB711A-85E9-420C-9B16-D136D1625A52} = {E9A38E6E-C511-4F1D-8593-335ECF707044}
		{F260491A-379D-47AB-9F1D-5778F7D404B1} = {E9A38E6E-C511-4F1D-8593-335ECF707044}
		{BA3C205A-D60A-4CCF-934D-4599DBA1D955} = {E9A38E6E-C511-4F1D-8593-335ECF707044}
		{B4A1583A-AA45-458E-B64F-187EEE9BE38F} = {81ACD98F-B385-53B6-ED6C-4B22AA320176}
		{9AED57CB-4E4C-4B26-81EE-162C87F228DA} = {81ACD98F-B385-53B6-ED6C-4B22AA320176}
		{8198CE51-9C2F-4238-BFBA-429DEF7C486C} = {81ACD98F-B385-53B6-ED6C-4B22AA320176}
	EndGlobalSection
EndGlobal
